
Microsoft Visual Studio Solution File, Format Version 12.00
# Visual Studio Version 17
VisualStudioVersion = 17.4.33122.133
MinimumVisualStudioVersion = 10.0.40219.1
Project("{FAE04EC0-301F-11D3-BF4B-00C04F79EFBC}") = "Mobile.Android", "Mobile\Mobile.Android\Mobile.Android.csproj", "{403DAF39-2574-4281-A7B6-956F463EA8DC}"
EndProject
Project("{9A19103F-16F7-4668-BE54-9A1E7A4F7556}") = "Mobile", "Mobile\Mobile\Mobile.csproj", "{AB349C1E-3FF2-43BE-A035-5B5DC1536FA3}"
EndProject
Global
	GlobalSection(SolutionConfigurationPlatforms) = preSolution
		Debug|Any CPU = Debug|Any CPU
		Debug|x86 = Debug|x86
		Release|Any CPU = Release|Any CPU
		Release|x86 = Release|x86
	EndGlobalSection
	GlobalSection(ProjectConfigurationPlatforms) = postSolution
		{403DAF39-2574-4281-A7B6-956F463EA8DC}.Debug|Any CPU.ActiveCfg = Debug|x86
		{403DAF39-2574-4281-A7B6-956F463EA8DC}.Debug|Any CPU.Build.0 = Debug|x86
		{403DAF39-2574-4281-A7B6-956F463EA8DC}.Debug|Any CPU.Deploy.0 = Debug|x86
		{403DAF39-2574-4281-A7B6-956F463EA8DC}.Debug|x86.ActiveCfg = Debug|x86
		{403DAF39-2574-4281-A7B6-956F463EA8DC}.Debug|x86.Build.0 = Debug|x86
		{403DAF39-2574-4281-A7B6-956F463EA8DC}.Debug|x86.Deploy.0 = Debug|x86
		{403DAF39-2574-4281-A7B6-956F463EA8DC}.Release|Any CPU.ActiveCfg = Release|Any CPU
		{403DAF39-2574-4281-A7B6-956F463EA8DC}.Release|Any CPU.Build.0 = Release|Any CPU
		{403DAF39-2574-4281-A7B6-956F463EA8DC}.Release|Any CPU.Deploy.0 = Release|Any CPU
		{403DAF39-2574-4281-A7B6-956F463EA8DC}.Release|x86.ActiveCfg = Release|x86
		{403DAF39-2574-4281-A7B6-956F463EA8DC}.Release|x86.Build.0 = Release|x86
		{403DAF39-2574-4281-A7B6-956F463EA8DC}.Release|x86.Deploy.0 = Release|x86
		{AB349C1E-3FF2-43BE-A035-5B5DC1536FA3}.Debug|Any CPU.ActiveCfg = Debug|Any CPU
		{AB349C1E-3FF2-43BE-A035-5B5DC1536FA3}.Debug|Any CPU.Build.0 = Debug|Any CPU
		{AB349C1E-3FF2-43BE-A035-5B5DC1536FA3}.Debug|Any CPU.Deploy.0 = Debug|Any CPU
		{AB349C1E-3FF2-43BE-A035-5B5DC1536FA3}.Debug|x86.ActiveCfg = Debug|x86
		{AB349C1E-3FF2-43BE-A035-5B5DC1536FA3}.Debug|x86.Build.0 = Debug|x86
		{AB349C1E-3FF2-43BE-A035-5B5DC1536FA3}.Release|Any CPU.ActiveCfg = Release|Any CPU
		{AB349C1E-3FF2-43BE-A035-5B5DC1536FA3}.Release|Any CPU.Build.0 = Release|Any CPU
		{AB349C1E-3FF2-43BE-A035-5B5DC1536FA3}.Release|Any CPU.Deploy.0 = Release|Any CPU
		{AB349C1E-3FF2-43BE-A035-5B5DC1536FA3}.Release|x86.ActiveCfg = Release|x86
		{AB349C1E-3FF2-43BE-A035-5B5DC1536FA3}.Release|x86.Build.0 = Release|x86
	EndGlobalSection
	GlobalSection(SolutionProperties) = preSolution
		HideSolutionNode = FALSE
	EndGlobalSection
	GlobalSection(ExtensibilityGlobals) = postSolution
		SolutionGuid = {6387F05A-4F24-4E75-BCD4-36B606ED95E6}
	EndGlobalSection
EndGlobal
